// !$*UTF8*$!
{
	archiveVersion = 1;
	classes = {
	};
	objectVersion = 54;
	objects = {

/* Begin PBXBuildFile section */
		8D15A6D726B6E50C00CF1D3C /* TelgatestAppApp.swift in Sources */ = {isa = PBXBuildFile; fileRef = 8D15A6D626B6E50C00CF1D3C /* TelgatestAppApp.swift */; };
		8D15A6D926B6E50C00CF1D3C /* ContentView.swift in Sources */ = {isa = PBXBuildFile; fileRef = 8D15A6D826B6E50C00CF1D3C /* ContentView.swift */; };
		8D15A6DB26B6E50D00CF1D3C /* Assets.xcassets in Resources */ = {isa = PBXBuildFile; fileRef = 8D15A6DA26B6E50D00CF1D3C /* Assets.xcassets */; };
		8D15A6DE26B6E50D00CF1D3C /* Preview Assets.xcassets in Resources */ = {isa = PBXBuildFile; fileRef = 8D15A6DD26B6E50D00CF1D3C /* Preview Assets.xcassets */; };
		8D15A6E926B709B400CF1D3C /* ContentViewTwo.swift in Sources */ = {isa = PBXBuildFile; fileRef = 8D15A6E826B709B400CF1D3C /* ContentViewTwo.swift */; };
		8D15A6EB26B7155A00CF1D3C /* ContentViewThree.swift in Sources */ = {isa = PBXBuildFile; fileRef = 8D15A6EA26B7155A00CF1D3C /* ContentViewThree.swift */; };
		8D15A6ED26B715B100CF1D3C /* ContentViewFour.swift in Sources */ = {isa = PBXBuildFile; fileRef = 8D15A6EC26B715B100CF1D3C /* ContentViewFour.swift */; };
		8D15A70B26B72CFE00CF1D3C /* User.swift in Sources */ = {isa = PBXBuildFile; fileRef = 8D15A70A26B72CFE00CF1D3C /* User.swift */; };
		8D15A70E26B7A12300CF1D3C /* WebService.swift in Sources */ = {isa = PBXBuildFile; fileRef = 8D15A70D26B7A12200CF1D3C /* WebService.swift */; };
/* End PBXBuildFile section */

/* Begin PBXFileReference section */
		8D15A6D326B6E50C00CF1D3C /* TelgatestApp.app */ = {isa = PBXFileReference; explicitFileType = wrapper.application; includeInIndex = 0; path = TelgatestApp.app; sourceTree = BUILT_PRODUCTS_DIR; };
		8D15A6D626B6E50C00CF1D3C /* TelgatestAppApp.swift */ = {isa = PBXFileReference; lastKnownFileType = sourcecode.swift; path = TelgatestAppApp.swift; sourceTree = "<group>"; };
		8D15A6D826B6E50C00CF1D3C /* ContentView.swift */ = {isa = PBXFileReference; lastKnownFileType = sourcecode.swift; path = ContentView.swift; sourceTree = "<group>"; };
		8D15A6DA26B6E50D00CF1D3C /* Assets.xcassets */ = {isa = PBXFileReference; lastKnownFileType = folder.assetcatalog; path = Assets.xcassets; sourceTree = "<group>"; };
		8D15A6DD26B6E50D00CF1D3C /* Preview Assets.xcassets */ = {isa = PBXFileReference; lastKnownFileType = folder.assetcatalog; path = "Preview Assets.xcassets"; sourceTree = "<group>"; };
		8D15A6E826B709B400CF1D3C /* ContentViewTwo.swift */ = {isa = PBXFileReference; lastKnownFileType = sourcecode.swift; path = ContentViewTwo.swift; sourceTree = "<group>"; };
		8D15A6EA26B7155A00CF1D3C /* ContentViewThree.swift */ = {isa = PBXFileReference; lastKnownFileType = sourcecode.swift; path = ContentViewThree.swift; sourceTree = "<group>"; };
		8D15A6EC26B715B100CF1D3C /* ContentViewFour.swift */ = {isa = PBXFileReference; lastKnownFileType = sourcecode.swift; path = ContentViewFour.swift; sourceTree = "<group>"; };
		8D15A70A26B72CFE00CF1D3C /* User.swift */ = {isa = PBXFileReference; lastKnownFileType = sourcecode.swift; path = User.swift; sourceTree = "<group>"; };
		8D15A70D26B7A12200CF1D3C /* WebService.swift */ = {isa = PBXFileReference; lastKnownFileType = sourcecode.swift; path = WebService.swift; sourceTree = "<group>"; };
/* End PBXFileReference section */

/* Begin PBXFrameworksBuildPhase section */
		8D15A6D026B6E50C00CF1D3C /* Frameworks */ = {
			isa = PBXFrameworksBuildPhase;
			buildActionMask = 2147483647;
			files = (
			);
			runOnlyForDeploymentPostprocessing = 0;
		};
/* End PBXFrameworksBuildPhase section */

/* Begin PBXGroup section */
		8D15A6CA26B6E50C00CF1D3C = {
			isa = PBXGroup;
			children = (
				8D15A6D526B6E50C00CF1D3C /* TelgatestApp */,
				8D15A6D426B6E50C00CF1D3C /* Products */,
			);
			sourceTree = "<group>";
		};
		8D15A6D426B6E50C00CF1D3C /* Products */ = {
			isa = PBXGroup;
			children = (
				8D15A6D326B6E50C00CF1D3C /* TelgatestApp.app */,
			);
			name = Products;
			sourceTree = "<group>";
		};
		8D15A6D526B6E50C00CF1D3C /* TelgatestApp */ = {
			isa = PBXGroup;
			children = (
				8D15A6D626B6E50C00CF1D3C /* TelgatestAppApp.swift */,
				8D15A70C26B7A0FB00CF1D3C /* WebService */,
				8D15A70926B72CDF00CF1D3C /* Modal */,
				8D15A70826B72CC700CF1D3C /* View */,
				8D15A6DA26B6E50D00CF1D3C /* Assets.xcassets */,
				8D15A6DC26B6E50D00CF1D3C /* Preview Content */,
			);
			path = TelgatestApp;
			sourceTree = "<group>";
		};
		8D15A6DC26B6E50D00CF1D3C /* Preview Content */ = {
			isa = PBXGroup;
			children = (
				8D15A6DD26B6E50D00CF1D3C /* Preview Assets.xcassets */,
			);
			path = "Preview Content";
			sourceTree = "<group>";
		};
		8D15A70826B72CC700CF1D3C /* View */ = {
			isa = PBXGroup;
			children = (
				8D15A6D826B6E50C00CF1D3C /* ContentView.swift */,
				8D15A6E826B709B400CF1D3C /* ContentViewTwo.swift */,
				8D15A6EA26B7155A00CF1D3C /* ContentViewThree.swift */,
				8D15A6EC26B715B100CF1D3C /* ContentViewFour.swift */,
			);
			name = View;
			sourceTree = "<group>";
		};
		8D15A70926B72CDF00CF1D3C /* Modal */ = {
			isa = PBXGroup;
			children = (
				8D15A70A26B72CFE00CF1D3C /* User.swift */,
			);
			path = Modal;
			sourceTree = "<group>";
		};
		8D15A70C26B7A0FB00CF1D3C /* WebService */ = {
			isa = PBXGroup;
			children = (
				8D15A70D26B7A12200CF1D3C /* WebService.swift */,
			);
			path = WebService;
			sourceTree = "<group>";
		};
/* End PBXGroup section */

/* Begin PBXNativeTarget section */
		8D15A6D226B6E50C00CF1D3C /* TelgatestApp */ = {
			isa = PBXNativeTarget;
			buildConfigurationList = 8D15A6E126B6E50D00CF1D3C /* Build configuration list for PBXNativeTarget "TelgatestApp" */;
			buildPhases = (
				8D15A6CF26B6E50C00CF1D3C /* Sources */,
				8D15A6D026B6E50C00CF1D3C /* Frameworks */,
				8D15A6D126B6E50C00CF1D3C /* Resources */,
			);
			buildRules = (
			);
			dependencies = (
			);
			name = TelgatestApp;
			productName = TelgatestApp;
			productReference = 8D15A6D326B6E50C00CF1D3C /* TelgatestApp.app */;
			productType = "com.apple.product-type.application";
		};
/* End PBXNativeTarget section */

/* Begin PBXProject section */
		8D15A6CB26B6E50C00CF1D3C /* Project object */ = {
			isa = PBXProject;
			attributes = {
				BuildIndependentTargetsInParallel = 1;
				LastSwiftUpdateCheck = 1300;
				LastUpgradeCheck = 1300;
				TargetAttributes = {
					8D15A6D226B6E50C00CF1D3C = {
						CreatedOnToolsVersion = 13.0;
					};
				};
			};
			buildConfigurationList = 8D15A6CE26B6E50C00CF1D3C /* Build configuration list for PBXProject "TelgatestApp" */;
			compatibilityVersion = "Xcode 12.0";
			developmentRegion = en;
			hasScannedForEncodings = 0;
			knownRegions = (
				en,
				Base,
			);
			mainGroup = 8D15A6CA26B6E50C00CF1D3C;
			productRefGroup = 8D15A6D426B6E50C00CF1D3C /* Products */;
			projectDirPath = "";
			projectRoot = "";
			targets = (
				8D15A6D226B6E50C00CF1D3C /* TelgatestApp */,
			);
		};
/* End PBXProject section */

/* Begin PBXResourcesBuildPhase section */
		8D15A6D126B6E50C00CF1D3C /* Resources */ = {
			isa = PBXResourcesBuildPhase;
			buildActionMask = 2147483647;
			files = (
				8D15A6DE26B6E50D00CF1D3C /* Preview Assets.xcassets in Resources */,
				8D15A6DB26B6E50D00CF1D3C /* Assets.xcassets in Resources */,
			);
			runOnlyForDeploymentPostprocessing = 0;
		};
/* End PBXResourcesBuildPhase section */

/* Begin PBXSourcesBuildPhase section */
		8D15A6CF26B6E50C00CF1D3C /* Sources */ = {
			isa = PBXSourcesBuildPhase;
			buildActionMask = 2147483647;
			files = (
				8D15A6ED26B715B100CF1D3C /* ContentViewFour.swift in Sources */,
				8D15A6D926B6E50C00CF1D3C /* ContentView.swift in Sources */,
				8D15A70E26B7A12300CF1D3C /* WebService.swift in Sources */,
				8D15A70B26B72CFE00CF1D3C /* User.swift in Sources */,
				8D15A6EB26B7155A00CF1D3C /* ContentViewThree.swift in Sources */,
				8D15A6D726B6E50C00CF1D3C /* TelgatestAppApp.swift in Sources */,
				8D15A6E926B709B400CF1D3C /* ContentViewTwo.swift in Sources */,
			);
			runOnlyForDeploymentPostprocessing = 0;
		};
/* End PBXSourcesBuildPhase section */

/* Begin XCBuildConfiguration section */
		8D15A6DF26B6E50D00CF1D3C /* Debug */ = {
			isa = XCBuildConfiguration;
			buildSettings = {
				ALWAYS_SEARCH_USER_PATHS = NO;
				CLANG_ANALYZER_NONNULL = YES;
				CLANG_ANALYZER_NUMBER_OBJECT_CONVERSION = YES_AGGRESSIVE;
				CLANG_CXX_LANGUAGE_STANDARD = "gnu++14";
				CLANG_CXX_LIBRARY = "libc++";
				CLANG_ENABLE_MODULES = YES;
				CLANG_ENABLE_OBJC_ARC = YES;
				CLANG_ENABLE_OBJC_WEAK = YES;
				CLANG_WARN_BLOCK_CAPTURE_AUTORELEASING = YES;
				CLANG_WARN_BOOL_CONVERSION = YES;
				CLANG_WARN_COMMA = YES;
				CLANG_WARN_CONSTANT_CONVERSION = YES;
				CLANG_WARN_DEPRECATED_OBJC_IMPLEMENTATIONS = YES;
				CLANG_WARN_DIRECT_OBJC_ISA_USAGE = YES_ERROR;
				CLANG_WARN_DOCUMENTATION_COMMENTS = YES;
				CLANG_WARN_EMPTY_BODY = YES;
				CLANG_WARN_ENUM_CONVERSION = YES;
				CLANG_WARN_INFINITE_RECURSION = YES;
				CLANG_WARN_INT_CONVERSION = YES;
				CLANG_WARN_NON_LITERAL_NULL_CONVERSION = YES;
				CLANG_WARN_OBJC_IMPLICIT_RETAIN_SELF = YES;
				CLANG_WARN_OBJC_LITERAL_CONVERSION = YES;
				CLANG_WARN_OBJC_ROOT_CLASS = YES_ERROR;
				CLANG_WARN_QUOTED_INCLUDE_IN_FRAMEWORK_HEADER = YES;
				CLANG_WARN_RANGE_LOOP_ANALYSIS = YES;
				CLANG_WARN_STRICT_PROTOTYPES = YES;
				CLANG_WARN_SUSPICIOUS_MOVE = YES;
				CLANG_WARN_UNGUARDED_AVAILABILITY = YES_AGGRESSIVE;
				CLANG_WARN_UNREACHABLE_CODE = YES;
				CLANG_WARN__DUPLICATE_METHOD_MATCH = YES;
				COPY_PHASE_STRIP = NO;
				DEBUG_INFORMATION_FORMAT = dwarf;
				ENABLE_STRICT_OBJC_MSGSEND = YES;
				ENABLE_TESTABILITY = YES;
				GCC_C_LANGUAGE_STANDARD = gnu11;
				GCC_DYNAMIC_NO_PIC = NO;
				GCC_NO_COMMON_BLOCKS = YES;
				GCC_OPTIMIZATION_LEVEL = 0;
				GCC_PREPROCESSOR_DEFINITIONS = (
					"DEBUG=1",
					"$(inherited)",
				);
				GCC_WARN_64_TO_32_BIT_CONVERSION = YES;
				GCC_WARN_ABOUT_RETURN_TYPE = YES_ERROR;
				GCC_WARN_UNDECLARED_SELECTOR = YES;
				GCC_WARN_UNINITIALIZED_AUTOS = YES_AGGRESSIVE;
				GCC_WARN_UNUSED_FUNCTION = YES;
				GCC_WARN_UNUSED_VARIABLE = YES;
				IPHONEOS_DEPLOYMENT_TARGET = 15.0;
				MTL_ENABLE_DEBUG_INFO = INCLUDE_SOURCE;
				MTL_FAST_MATH = YES;
				ONLY_ACTIVE_ARCH = YES;
				SDKROOT = iphoneos;
				SWIFT_ACTIVE_COMPILATION_CONDITIONS = DEBUG;
				SWIFT_OPTIMIZATION_LEVEL = "-Onone";
			};
			name = Debug;
		};
		8D15A6E026B6E50D00CF1D3C /* Release */ = {
			isa = XCBuildConfiguration;
			buildSettings = {
				ALWAYS_SEARCH_USER_PATHS = NO;
				CLANG_ANALYZER_NONNULL = YES;
				CLANG_ANALYZER_NUMBER_OBJECT_CONVERSION = YES_AGGRESSIVE;
				CLANG_CXX_LANGUAGE_STANDARD = "gnu++14";
				CLANG_CXX_LIBRARY = "libc++";
				CLANG_ENABLE_MODULES = YES;
				CLANG_ENABLE_OBJC_ARC = YES;
				CLANG_ENABLE_OBJC_WEAK = YES;
				CLANG_WARN_BLOCK_CAPTURE_AUTORELEASING = YES;
				CLANG_WARN_BOOL_CONVERSION = YES;
				CLANG_WARN_COMMA = YES;
				CLANG_WARN_CONSTANT_CONVERSION = YES;
				CLANG_WARN_DEPRECATED_OBJC_IMPLEMENTATIONS = YES;
				CLANG_WARN_DIRECT_OBJC_ISA_USAGE = YES_ERROR;
				CLANG_WARN_DOCUMENTATION_COMMENTS = YES;
				CLANG_WARN_EMPTY_BODY = YES;
				CLANG_WARN_ENUM_CONVERSION = YES;
				CLANG_WARN_INFINITE_RECURSION = YES;
				CLANG_WARN_INT_CONVERSION = YES;
				CLANG_WARN_NON_LITERAL_NULL_CONVERSION = YES;
				CLANG_WARN_OBJC_IMPLICIT_RETAIN_SELF = YES;
				CLANG_WARN_OBJC_LITERAL_CONVERSION = YES;
				CLANG_WARN_OBJC_ROOT_CLASS = YES_ERROR;
				CLANG_WARN_QUOTED_INCLUDE_IN_FRAMEWORK_HEADER = YES;
				CLANG_WARN_RANGE_LOOP_ANALYSIS = YES;
				CLANG_WARN_STRICT_PROTOTYPES = YES;
				CLANG_WARN_SUSPICIOUS_MOVE = YES;
				CLANG_WARN_UNGUARDED_AVAILABILITY = YES_AGGRESSIVE;
				CLANG_WARN_UNREACHABLE_CODE = YES;
				CLANG_WARN__DUPLICATE_METHOD_MATCH = YES;
				COPY_PHASE_STRIP = NO;
				DEBUG_INFORMATION_FORMAT = "dwarf-with-dsym";
				ENABLE_NS_ASSERTIONS = NO;
				ENABLE_STRICT_OBJC_MSGSEND = YES;
				GCC_C_LANGUAGE_STANDARD = gnu11;
				GCC_NO_COMMON_BLOCKS = YES;
				GCC_WARN_64_TO_32_BIT_CONVERSION = YES;
				GCC_WARN_ABOUT_RETURN_TYPE = YES_ERROR;
				GCC_WARN_UNDECLARED_SELECTOR = YES;
				GCC_WARN_UNINITIALIZED_AUTOS = YES_AGGRESSIVE;
				GCC_WARN_UNUSED_FUNCTION = YES;
				GCC_WARN_UNUSED_VARIABLE = YES;
				IPHONEOS_DEPLOYMENT_TARGET = 15.0;
				MTL_ENABLE_DEBUG_INFO = NO;
				MTL_FAST_MATH = YES;
				SDKROOT = iphoneos;
				SWIFT_COMPILATION_MODE = wholemodule;
				SWIFT_OPTIMIZATION_LEVEL = "-O";
				VALIDATE_PRODUCT = YES;
			};
			name = Release;
		};
		8D15A6E226B6E50D00CF1D3C /* Debug */ = {
			isa = XCBuildConfiguration;
			buildSettings = {
				ASSETCATALOG_COMPILER_APPICON_NAME = AppIcon;
				ASSETCATALOG_COMPILER_GLOBAL_ACCENT_COLOR_NAME = AccentColor;
				CODE_SIGN_STYLE = Automatic;
				CURRENT_PROJECT_VERSION = 1;
				DEVELOPMENT_ASSET_PATHS = "\"TelgatestApp/Preview Content\"";
				DEVELOPMENT_TEAM = W8ZB6PL47P;
				ENABLE_PREVIEWS = YES;
				GENERATE_INFOPLIST_FILE = YES;
				INFOPLIST_KEY_UIApplicationSceneManifest_Generation = YES;
				INFOPLIST_KEY_UIApplicationSupportsIndirectInputEvents = YES;
				INFOPLIST_KEY_UILaunchScreen_Generation = YES;
				INFOPLIST_KEY_UISupportedInterfaceOrientations_iPad = "UIInterfaceOrientationPortrait UIInterfaceOrientationPortraitUpsideDown UIInterfaceOrientationLandscapeLeft UIInterfaceOrientationLandscapeRight";
				INFOPLIST_KEY_UISupportedInterfaceOrientations_iPhone = "UIInterfaceOrientationPortrait UIInterfaceOrientationLandscapeLeft UIInterfaceOrientationLandscapeRight";
				IPHONEOS_DEPLOYMENT_TARGET = 14.0;
				LD_RUNPATH_SEARCH_PATHS = (
					"$(inherited)",
					"@executable_path/Frameworks",
				);
				MARKETING_VERSION = 1.0;
				PRODUCT_BUNDLE_IDENTIFIER = com.iosApps.TelgatestApp;
				PRODUCT_NAME = "$(TARGET_NAME)";
				SWIFT_EMIT_LOC_STRINGS = YES;
				SWIFT_VERSION = 5.0;
				TARGETED_DEVICE_FAMILY = "1,2";
			};
			name = Debug;
		};
		8D15A6E326B6E50D00CF1D3C /* Release */ = {
			isa = XCBuildConfiguration;
			buildSettings = {
				ASSETCATALOG_COMPILER_APPICON_NAME = AppIcon;
				ASSETCATALOG_COMPILER_GLOBAL_ACCENT_COLOR_NAME = AccentColor;
				CODE_SIGN_STYLE = Automatic;
				CURRENT_PROJECT_VERSION = 1;
				DEVELOPMENT_ASSET_PATHS = "\"TelgatestApp/Preview Content\"";
				DEVELOPMENT_TEAM = W8ZB6PL47P;
				ENABLE_PREVIEWS = YES;
				GENERATE_INFOPLIST_FILE = YES;
				INFOPLIST_KEY_UIApplicationSceneManifest_Generation = YES;
				INFOPLIST_KEY_UIApplicationSupportsIndirectInputEvents = YES;
				INFOPLIST_KEY_UILaunchScreen_Generation = YES;
				INFOPLIST_KEY_UISupportedInterfaceOrientations_iPad = "UIInterfaceOrientationPortrait UIInterfaceOrientationPortraitUpsideDown UIInterfaceOrientationLandscapeLeft UIInterfaceOrientationLandscapeRight";
				INFOPLIST_KEY_UISupportedInterfaceOrientations_iPhone = "UIInterfaceOrientationPortrait UIInterfaceOrientationLandscapeLeft UIInterfaceOrientationLandscapeRight";
				IPHONEOS_DEPLOYMENT_TARGET = 14.0;
				LD_RUNPATH_SEARCH_PATHS = (
					"$(inherited)",
					"@executable_path/Frameworks",
				);
				MARKETING_VERSION = 1.0;
				PRODUCT_BUNDLE_IDENTIFIER = com.iosApps.TelgatestApp;
				PRODUCT_NAME = "$(TARGET_NAME)";
				SWIFT_EMIT_LOC_STRINGS = YES;
				SWIFT_VERSION = 5.0;
				TARGETED_DEVICE_FAMILY = "1,2";
			};
			name = Release;
		};
/* End XCBuildConfiguration section */

/* Begin XCConfigurationList section */
		8D15A6CE26B6E50C00CF1D3C /* Build configuration list for PBXProject "TelgatestApp" */ = {
			isa = XCConfigurationList;
			buildConfigurations = (
				8D15A6DF26B6E50D00CF1D3C /* Debug */,
				8D15A6E026B6E50D00CF1D3C /* Release */,
			);
			defaultConfigurationIsVisible = 0;
			defaultConfigurationName = Release;
		};
		8D15A6E126B6E50D00CF1D3C /* Build configuration list for PBXNativeTarget "TelgatestApp" */ = {
			isa = XCConfigurationList;
			buildConfigurations = (
				8D15A6E226B6E50D00CF1D3C /* Debug */,
				8D15A6E326B6E50D00CF1D3C /* Release */,
			);
			defaultConfigurationIsVisible = 0;
			defaultConfigurationName = Release;
		};
/* End XCConfigurationList section */
	};
	rootObject = 8D15A6CB26B6E50C00CF1D3C /* Project object */;
}
